
Microsoft Visual Studio Solution File, Format Version 12.00
# Visual Studio Version 16
VisualStudioVersion = 16.0.30621.155
MinimumVisualStudioVersion = 10.0.40219.1
Project("{9A19103F-16F7-4668-BE54-9A1E7A4F7556}") = "Acquisition", "Acquisition\Acquisition.csproj", "{7FE4EE1E-A1D6-4C99-8FB4-2FCFEDDBD126}"
EndProject
Project("{9A19103F-16F7-4668-BE54-9A1E7A4F7556}") = "3DSpectrumVisualizer", "3DSpectrumVisualizer\3DSpectrumVisualizer.csproj", "{A603796A-B9E2-4F02-8549-D54C1289A41B}"
EndProject
Project("{9A19103F-16F7-4668-BE54-9A1E7A4F7556}") = "DebugSpectraHelper", "DebugSpectraHelper\DebugSpectraHelper.csproj", "{BD0731E2-25AE-46C8-B207-AF046B9E3025}"
EndProject
Project("{9A19103F-16F7-4668-BE54-9A1E7A4F7556}") = "AvaloniaDebugHelper", "AvaloniaDebugHelper\AvaloniaDebugHelper.csproj", "{BD408205-88BE-4961-8051-56041657F4DF}"
EndProject
Project("{FAE04EC0-301F-11D3-BF4B-00C04F79EFBC}") = "PipesDebugHelper", "PipesDebugHelper\PipesDebugHelper.csproj", "{10A9A194-C163-4494-BA89-AD5B155D380B}"
EndProject
Global
	GlobalSection(SolutionConfigurationPlatforms) = preSolution
		Debug|Any CPU = Debug|Any CPU
		Debug|x64 = Debug|x64
		Release|Any CPU = Release|Any CPU
		Release|x64 = Release|x64
	EndGlobalSection
	GlobalSection(ProjectConfigurationPlatforms) = postSolution
		{7FE4EE1E-A1D6-4C99-8FB4-2FCFEDDBD126}.Debug|Any CPU.ActiveCfg = Debug|Any CPU
		{7FE4EE1E-A1D6-4C99-8FB4-2FCFEDDBD126}.Debug|Any CPU.Build.0 = Debug|Any CPU
		{7FE4EE1E-A1D6-4C99-8FB4-2FCFEDDBD126}.Debug|x64.ActiveCfg = Debug|x64
		{7FE4EE1E-A1D6-4C99-8FB4-2FCFEDDBD126}.Debug|x64.Build.0 = Debug|x64
		{7FE4EE1E-A1D6-4C99-8FB4-2FCFEDDBD126}.Release|Any CPU.ActiveCfg = Release|Any CPU
		{7FE4EE1E-A1D6-4C99-8FB4-2FCFEDDBD126}.Release|Any CPU.Build.0 = Release|Any CPU
		{7FE4EE1E-A1D6-4C99-8FB4-2FCFEDDBD126}.Release|x64.ActiveCfg = Release|x64
		{7FE4EE1E-A1D6-4C99-8FB4-2FCFEDDBD126}.Release|x64.Build.0 = Release|x64
		{A603796A-B9E2-4F02-8549-D54C1289A41B}.Debug|Any CPU.ActiveCfg = Debug|Any CPU
		{A603796A-B9E2-4F02-8549-D54C1289A41B}.Debug|Any CPU.Build.0 = Debug|Any CPU
		{A603796A-B9E2-4F02-8549-D54C1289A41B}.Debug|x64.ActiveCfg = Debug|x64
		{A603796A-B9E2-4F02-8549-D54C1289A41B}.Debug|x64.Build.0 = Debug|x64
		{A603796A-B9E2-4F02-8549-D54C1289A41B}.Release|Any CPU.ActiveCfg = Release|Any CPU
		{A603796A-B9E2-4F02-8549-D54C1289A41B}.Release|Any CPU.Build.0 = Release|Any CPU
		{A603796A-B9E2-4F02-8549-D54C1289A41B}.Release|x64.ActiveCfg = Release|x64
		{A603796A-B9E2-4F02-8549-D54C1289A41B}.Release|x64.Build.0 = Release|x64
		{BD0731E2-25AE-46C8-B207-AF046B9E3025}.Debug|Any CPU.ActiveCfg = Debug|Any CPU
		{BD0731E2-25AE-46C8-B207-AF046B9E3025}.Debug|Any CPU.Build.0 = Debug|Any CPU
		{BD0731E2-25AE-46C8-B207-AF046B9E3025}.Debug|x64.ActiveCfg = Debug|Any CPU
		{BD0731E2-25AE-46C8-B207-AF046B9E3025}.Debug|x64.Build.0 = Debug|Any CPU
		{BD0731E2-25AE-46C8-B207-AF046B9E3025}.Release|Any CPU.ActiveCfg = Release|Any CPU
		{BD0731E2-25AE-46C8-B207-AF046B9E3025}.Release|Any CPU.Build.0 = Release|Any CPU
		{BD0731E2-25AE-46C8-B207-AF046B9E3025}.Release|x64.ActiveCfg = Release|Any CPU
		{BD0731E2-25AE-46C8-B207-AF046B9E3025}.Release|x64.Build.0 = Release|Any CPU
		{BD408205-88BE-4961-8051-56041657F4DF}.Debug|Any CPU.ActiveCfg = Debug|Any CPU
		{BD408205-88BE-4961-8051-56041657F4DF}.Debug|Any CPU.Build.0 = Debug|Any CPU
		{BD408205-88BE-4961-8051-56041657F4DF}.Debug|x64.ActiveCfg = Debug|Any CPU
		{BD408205-88BE-4961-8051-56041657F4DF}.Debug|x64.Build.0 = Debug|Any CPU
		{BD408205-88BE-4961-8051-56041657F4DF}.Release|Any CPU.ActiveCfg = Release|Any CPU
		{BD408205-88BE-4961-8051-56041657F4DF}.Release|Any CPU.Build.0 = Release|Any CPU
		{BD408205-88BE-4961-8051-56041657F4DF}.Release|x64.ActiveCfg = Release|Any CPU
		{BD408205-88BE-4961-8051-56041657F4DF}.Release|x64.Build.0 = Release|Any CPU
		{10A9A194-C163-4494-BA89-AD5B155D380B}.Debug|Any CPU.ActiveCfg = Debug|Any CPU
		{10A9A194-C163-4494-BA89-AD5B155D380B}.Debug|Any CPU.Build.0 = Debug|Any CPU
		{10A9A194-C163-4494-BA89-AD5B155D380B}.Debug|x64.ActiveCfg = Debug|Any CPU
		{10A9A194-C163-4494-BA89-AD5B155D380B}.Debug|x64.Build.0 = Debug|Any CPU
		{10A9A194-C163-4494-BA89-AD5B155D380B}.Release|Any CPU.ActiveCfg = Release|Any CPU
		{10A9A194-C163-4494-BA89-AD5B155D380B}.Release|Any CPU.Build.0 = Release|Any CPU
		{10A9A194-C163-4494-BA89-AD5B155D380B}.Release|x64.ActiveCfg = Release|Any CPU
		{10A9A194-C163-4494-BA89-AD5B155D380B}.Release|x64.Build.0 = Release|Any CPU
	EndGlobalSection
	GlobalSection(SolutionProperties) = preSolution
		HideSolutionNode = FALSE
	EndGlobalSection
	GlobalSection(ExtensibilityGlobals) = postSolution
		SolutionGuid = {A8EBBD49-05B7-46BA-9D5B-D1191028C423}
	EndGlobalSection
EndGlobal
